
Microsoft Visual Studio Solution File, Format Version 11.00
# Visual Studio 2010
Project("{FAE04EC0-301F-11D3-BF4B-00C04F79EFBC}") = "HttpClientSample.Tests", "HttpClientSample.Tests\HttpClientSample.Tests.csproj", "{C165A85B-67C9-4217-A23D-A88476E0F015}"
EndProject
Global
	GlobalSection(SolutionConfigurationPlatforms) = preSolution
		Debug|iPhoneSimulator = Debug|iPhoneSimulator
		Release|iPhoneSimulator = Release|iPhoneSimulator
		Debug|iPhone = Debug|iPhone
		Release|iPhone = Release|iPhone
	EndGlobalSection
	GlobalSection(ProjectConfigurationPlatforms) = postSolution
		{C165A85B-67C9-4217-A23D-A88476E0F015}.Debug|iPhoneSimulator.ActiveCfg = Debug|iPhoneSimulator
		{C165A85B-67C9-4217-A23D-A88476E0F015}.Debug|iPhoneSimulator.Build.0 = Debug|iPhoneSimulator
		{C165A85B-67C9-4217-A23D-A88476E0F015}.Release|iPhoneSimulator.ActiveCfg = Release|iPhoneSimulator
		{C165A85B-67C9-4217-A23D-A88476E0F015}.Release|iPhoneSimulator.Build.0 = Release|iPhoneSimulator
		{C165A85B-67C9-4217-A23D-A88476E0F015}.Debug|iPhone.ActiveCfg = Debug|iPhone
		{C165A85B-67C9-4217-A23D-A88476E0F015}.Debug|iPhone.Build.0 = Debug|iPhone
		{C165A85B-67C9-4217-A23D-A88476E0F015}.Release|iPhone.ActiveCfg = Release|iPhone
		{C165A85B-67C9-4217-A23D-A88476E0F015}.Release|iPhone.Build.0 = Release|iPhone
	EndGlobalSection
	GlobalSection(MonoDevelopProperties) = preSolution
		StartupItem = HttpClient.csproj
	EndGlobalSection
EndGlobal
